
Microsoft Visual Studio Solution File, Format Version 12.00
# Visual Studio Version 17
VisualStudioVersion = 17.0.31903.59
MinimumVisualStudioVersion = 10.0.40219.1
Project("{FAE04EC0-301F-11D3-BF4B-00C04F79EFBC}") = "VirtualBiblio", "VirtualBiblio\VirtualBiblio.csproj", "{B670725E-F6BE-4163-A453-7AF72396EA66}"
EndProject
Project("{FAE04EC0-301F-11D3-BF4B-00C04F79EFBC}") = "VirtualBiblio.Business", "VirtualBiblio.Business\VirtualBiblio.Business.csproj", "{DB36FE25-7779-4F15-BFB1-14C550C34C6D}"
EndProject
Project("{FAE04EC0-301F-11D3-BF4B-00C04F79EFBC}") = "VirtualBiblio.Data", "VirtualBiblio.Data\VirtualBiblio.Data.csproj", "{7A615044-F798-47FC-BBC8-583BD98D3DD7}"
EndProject
Global
	GlobalSection(SolutionConfigurationPlatforms) = preSolution
		Debug|Any CPU = Debug|Any CPU
		Release|Any CPU = Release|Any CPU
	EndGlobalSection
	GlobalSection(SolutionProperties) = preSolution
		HideSolutionNode = FALSE
	EndGlobalSection
	GlobalSection(ProjectConfigurationPlatforms) = postSolution
		{B670725E-F6BE-4163-A453-7AF72396EA66}.Debug|Any CPU.ActiveCfg = Debug|Any CPU
		{B670725E-F6BE-4163-A453-7AF72396EA66}.Debug|Any CPU.Build.0 = Debug|Any CPU
		{B670725E-F6BE-4163-A453-7AF72396EA66}.Release|Any CPU.ActiveCfg = Release|Any CPU
		{B670725E-F6BE-4163-A453-7AF72396EA66}.Release|Any CPU.Build.0 = Release|Any CPU
		{DB36FE25-7779-4F15-BFB1-14C550C34C6D}.Debug|Any CPU.ActiveCfg = Debug|Any CPU
		{DB36FE25-7779-4F15-BFB1-14C550C34C6D}.Debug|Any CPU.Build.0 = Debug|Any CPU
		{DB36FE25-7779-4F15-BFB1-14C550C34C6D}.Release|Any CPU.ActiveCfg = Release|Any CPU
		{DB36FE25-7779-4F15-BFB1-14C550C34C6D}.Release|Any CPU.Build.0 = Release|Any CPU
		{7A615044-F798-47FC-BBC8-583BD98D3DD7}.Debug|Any CPU.ActiveCfg = Debug|Any CPU
		{7A615044-F798-47FC-BBC8-583BD98D3DD7}.Debug|Any CPU.Build.0 = Debug|Any CPU
		{7A615044-F798-47FC-BBC8-583BD98D3DD7}.Release|Any CPU.ActiveCfg = Release|Any CPU
		{7A615044-F798-47FC-BBC8-583BD98D3DD7}.Release|Any CPU.Build.0 = Release|Any CPU
	EndGlobalSection
EndGlobal
